
Microsoft Visual Studio Solution File, Format Version 11.00
# Visual Studio 2010
Project("{FAE04EC0-301F-11D3-BF4B-00C04F79EFBC}") = "PrintDoc", "PrintDoc\PrintDoc.csproj", "{5CF986EF-C757-4FE8-8481-8C39FDFE8D59}"
EndProject
Project("{54435603-DBB4-11D2-8724-00A0C9A8B90C}") = "Setup", "Setup\Setup.vdproj", "{A4810B57-0C21-460B-80C2-2FD8D26FAAE9}"
EndProject
Global
	GlobalSection(SolutionConfigurationPlatforms) = preSolution
		Debug|x86 = Debug|x86
		Release|x86 = Release|x86
	EndGlobalSection
	GlobalSection(ProjectConfigurationPlatforms) = postSolution
		{5CF986EF-C757-4FE8-8481-8C39FDFE8D59}.Debug|x86.ActiveCfg = Debug|x86
		{5CF986EF-C757-4FE8-8481-8C39FDFE8D59}.Debug|x86.Build.0 = Debug|x86
		{5CF986EF-C757-4FE8-8481-8C39FDFE8D59}.Release|x86.ActiveCfg = Release|x86
		{5CF986EF-C757-4FE8-8481-8C39FDFE8D59}.Release|x86.Build.0 = Release|x86
		{A4810B57-0C21-460B-80C2-2FD8D26FAAE9}.Debug|x86.ActiveCfg = Debug
		{A4810B57-0C21-460B-80C2-2FD8D26FAAE9}.Release|x86.ActiveCfg = Release
	EndGlobalSection
	GlobalSection(SolutionProperties) = preSolution
		HideSolutionNode = FALSE
	EndGlobalSection
EndGlobal
